
Microsoft Visual Studio Solution File, Format Version 12.00
# Visual Studio 15
VisualStudioVersion = 15.0.28307.572
MinimumVisualStudioVersion = 10.0.40219.1
Project("{9A19103F-16F7-4668-BE54-9A1E7A4F7556}") = "MvcCore.Web", "ASPNETMVC.Home\MvcCore.Web.csproj", "{B123DDC1-78E7-4993-9AE6-4AE220039DF3}"
EndProject
Project("{9A19103F-16F7-4668-BE54-9A1E7A4F7556}") = "WebApi", "WebApi\WebApi.csproj", "{A8BC8D95-900A-4FF4-996F-88CE69CCFB9E}"
EndProject
Project("{9A19103F-16F7-4668-BE54-9A1E7A4F7556}") = "Ace", "Ace\Ace.csproj", "{2C216E9C-5451-4C7E-99E9-AF694F5BF821}"
EndProject
Project("{9A19103F-16F7-4668-BE54-9A1E7A4F7556}") = "DotNetEx", "DotNetEx\DotNetEx.csproj", "{2F5480F2-22AE-4BCE-90E2-C00EC4D74C42}"
EndProject
Global
	GlobalSection(SolutionConfigurationPlatforms) = preSolution
		Debug|Any CPU = Debug|Any CPU
		Release|Any CPU = Release|Any CPU
	EndGlobalSection
	GlobalSection(ProjectConfigurationPlatforms) = postSolution
		{B123DDC1-78E7-4993-9AE6-4AE220039DF3}.Debug|Any CPU.ActiveCfg = Debug|Any CPU
		{B123DDC1-78E7-4993-9AE6-4AE220039DF3}.Debug|Any CPU.Build.0 = Debug|Any CPU
		{B123DDC1-78E7-4993-9AE6-4AE220039DF3}.Release|Any CPU.ActiveCfg = Release|Any CPU
		{B123DDC1-78E7-4993-9AE6-4AE220039DF3}.Release|Any CPU.Build.0 = Release|Any CPU
		{A8BC8D95-900A-4FF4-996F-88CE69CCFB9E}.Debug|Any CPU.ActiveCfg = Debug|Any CPU
		{A8BC8D95-900A-4FF4-996F-88CE69CCFB9E}.Debug|Any CPU.Build.0 = Debug|Any CPU
		{A8BC8D95-900A-4FF4-996F-88CE69CCFB9E}.Release|Any CPU.ActiveCfg = Release|Any CPU
		{A8BC8D95-900A-4FF4-996F-88CE69CCFB9E}.Release|Any CPU.Build.0 = Release|Any CPU
		{2C216E9C-5451-4C7E-99E9-AF694F5BF821}.Debug|Any CPU.ActiveCfg = Debug|Any CPU
		{2C216E9C-5451-4C7E-99E9-AF694F5BF821}.Debug|Any CPU.Build.0 = Debug|Any CPU
		{2C216E9C-5451-4C7E-99E9-AF694F5BF821}.Release|Any CPU.ActiveCfg = Release|Any CPU
		{2C216E9C-5451-4C7E-99E9-AF694F5BF821}.Release|Any CPU.Build.0 = Release|Any CPU
		{2F5480F2-22AE-4BCE-90E2-C00EC4D74C42}.Debug|Any CPU.ActiveCfg = Debug|Any CPU
		{2F5480F2-22AE-4BCE-90E2-C00EC4D74C42}.Debug|Any CPU.Build.0 = Debug|Any CPU
		{2F5480F2-22AE-4BCE-90E2-C00EC4D74C42}.Release|Any CPU.ActiveCfg = Release|Any CPU
		{2F5480F2-22AE-4BCE-90E2-C00EC4D74C42}.Release|Any CPU.Build.0 = Release|Any CPU
	EndGlobalSection
	GlobalSection(SolutionProperties) = preSolution
		HideSolutionNode = FALSE
	EndGlobalSection
	GlobalSection(ExtensibilityGlobals) = postSolution
		SolutionGuid = {FA9C39BC-CC45-4113-994B-88965A19D5E8}
	EndGlobalSection
EndGlobal
